{
  "object": {
    "pins": [
      {
        "package": "BoringSSL-GRPC",
        "repositoryURL": "https://github.com/firebase/boringssl-SwiftPM.git",
        "state": {
          "branch": "main",
          "revision": "79db6516894a932d0ddaff3b05b9da1e4f6c4069",
          "version": null
        }
      }
    ]
  },
  "version": 1
}
